
Microsoft Visual Studio Solution File, Format Version 12.00
# Visual Studio 14
VisualStudioVersion = 14.0.24720.0
MinimumVisualStudioVersion = 10.0.40219.1
Project("{FAE04EC0-301F-11D3-BF4B-00C04F79EFBC}") = "Gradera.ObjectChangeFilter", "Gradera.ObjectChangeFilter\Gradera.ObjectChangeFilter.csproj", "{68565BFA-7EA9-4A41-BB61-D7B095D80386}"
EndProject
Global
	GlobalSection(SolutionConfigurationPlatforms) = preSolution
		Debug|Any CPU = Debug|Any CPU
		Release|Any CPU = Release|Any CPU
	EndGlobalSection
	GlobalSection(ProjectConfigurationPlatforms) = postSolution
		{68565BFA-7EA9-4A41-BB61-D7B095D80386}.Debug|Any CPU.ActiveCfg = Debug|Any CPU
		{68565BFA-7EA9-4A41-BB61-D7B095D80386}.Debug|Any CPU.Build.0 = Debug|Any CPU
		{68565BFA-7EA9-4A41-BB61-D7B095D80386}.Release|Any CPU.ActiveCfg = Release|Any CPU
		{68565BFA-7EA9-4A41-BB61-D7B095D80386}.Release|Any CPU.Build.0 = Release|Any CPU
	EndGlobalSection
	GlobalSection(SolutionProperties) = preSolution
		HideSolutionNode = FALSE
	EndGlobalSection
EndGlobal
